
Microsoft Visual Studio Solution File, Format Version 12.00
# Visual Studio Version 16
VisualStudioVersion = 16.0.30611.23
MinimumVisualStudioVersion = 10.0.40219.1
Project("{FAE04EC0-301F-11D3-BF4B-00C04F79EFBC}") = "dotNet5781_00_3747_8971", "dotNet5781_00_3747_8971\dotNet5781_00_3747_8971.csproj", "{12566DDF-DB44-41B2-AFFB-520B52479E94}"
EndProject
Project("{FAE04EC0-301F-11D3-BF4B-00C04F79EFBC}") = "dotNet5781_01_3747_8971", "dotNet5781_01_3747_8971\dotNet5781_01_3747_8971.csproj", "{452049CA-12AC-49C9-8155-76D3056B45AD}"
EndProject
Project("{FAE04EC0-301F-11D3-BF4B-00C04F79EFBC}") = "dotNet5781_02_3747_8971", "dotNet5781_02_3747_8971\dotNet5781_02_3747_8971.csproj", "{ECCDF45E-37DB-4DFE-BCC4-65065FC8774D}"
EndProject
Project("{FAE04EC0-301F-11D3-BF4B-00C04F79EFBC}") = "dotNet5781_03A_3747_8971", "dotNet5781_03A_3747_8971\dotNet5781_03A_3747_8971.csproj", "{9A908FB4-D047-4C98-A0C7-322EE46FA6D5}"
EndProject
Project("{FAE04EC0-301F-11D3-BF4B-00C04F79EFBC}") = "dotNet5781_03B_3747_8971", "dotNet5781_03B_3747_8971\dotNet5781_03B_3747_8971.csproj", "{33B4AEB0-BFF5-4D91-81F6-70AE90E99210}"
EndProject
Project("{FAE04EC0-301F-11D3-BF4B-00C04F79EFBC}") = "PL.WPF", "PL.WPF\PL.WPF.csproj", "{2A50AEA9-EF0A-4B14-892D-2EFB0A91EF85}"
EndProject
Project("{FAE04EC0-301F-11D3-BF4B-00C04F79EFBC}") = "DS", "DS\DS.csproj", "{59FF9F42-70DE-42A2-82C1-B29E63E7B042}"
EndProject
Project("{FAE04EC0-301F-11D3-BF4B-00C04F79EFBC}") = "DLAPI", "DLAPI\DLAPI.csproj", "{80EE880B-348A-4CF1-9071-5FEDDF96ED2D}"
EndProject
Project("{FAE04EC0-301F-11D3-BF4B-00C04F79EFBC}") = "DalObject", "DalObject\DalObject.csproj", "{C43B4437-6616-4BE6-8255-C1AA59D2433B}"
EndProject
Project("{FAE04EC0-301F-11D3-BF4B-00C04F79EFBC}") = "BL", "BL\BL.csproj", "{E7A748B5-C603-4BF3-A3F9-7E9FFDA640B4}"
EndProject
Project("{FAE04EC0-301F-11D3-BF4B-00C04F79EFBC}") = "DalXml", "DalXml\DalXml.csproj", "{1B23E9EF-7876-44D2-863E-0A4BC01DFCD2}"
EndProject
Project("{2150E333-8FDC-42A3-9474-1A3956D46DE8}") = "xml", "xml", "{5718ACB6-50B0-45E8-B055-24E4845CA3CA}"
	ProjectSection(SolutionItems) = preProject
		BusDrive.xml = BusDrive.xml
		BusFile.xml = BusFile.xml
		BusLine.xml = BusLine.xml
		BusLineStation.xml = BusLineStation.xml
		BusStation.xml = BusStation.xml
		ConsecutiveStations.xml = ConsecutiveStations.xml
		LineRide.xml = LineRide.xml
		serials.xml = serials.xml
	EndProjectSection
EndProject
Global
	GlobalSection(SolutionConfigurationPlatforms) = preSolution
		Debug|Any CPU = Debug|Any CPU
		Release|Any CPU = Release|Any CPU
	EndGlobalSection
	GlobalSection(ProjectConfigurationPlatforms) = postSolution
		{12566DDF-DB44-41B2-AFFB-520B52479E94}.Debug|Any CPU.ActiveCfg = Debug|Any CPU
		{12566DDF-DB44-41B2-AFFB-520B52479E94}.Debug|Any CPU.Build.0 = Debug|Any CPU
		{12566DDF-DB44-41B2-AFFB-520B52479E94}.Release|Any CPU.ActiveCfg = Release|Any CPU
		{12566DDF-DB44-41B2-AFFB-520B52479E94}.Release|Any CPU.Build.0 = Release|Any CPU
		{452049CA-12AC-49C9-8155-76D3056B45AD}.Debug|Any CPU.ActiveCfg = Debug|Any CPU
		{452049CA-12AC-49C9-8155-76D3056B45AD}.Debug|Any CPU.Build.0 = Debug|Any CPU
		{452049CA-12AC-49C9-8155-76D3056B45AD}.Release|Any CPU.ActiveCfg = Release|Any CPU
		{452049CA-12AC-49C9-8155-76D3056B45AD}.Release|Any CPU.Build.0 = Release|Any CPU
		{ECCDF45E-37DB-4DFE-BCC4-65065FC8774D}.Debug|Any CPU.ActiveCfg = Debug|Any CPU
		{ECCDF45E-37DB-4DFE-BCC4-65065FC8774D}.Debug|Any CPU.Build.0 = Debug|Any CPU
		{ECCDF45E-37DB-4DFE-BCC4-65065FC8774D}.Release|Any CPU.ActiveCfg = Release|Any CPU
		{ECCDF45E-37DB-4DFE-BCC4-65065FC8774D}.Release|Any CPU.Build.0 = Release|Any CPU
		{9A908FB4-D047-4C98-A0C7-322EE46FA6D5}.Debug|Any CPU.ActiveCfg = Debug|Any CPU
		{9A908FB4-D047-4C98-A0C7-322EE46FA6D5}.Debug|Any CPU.Build.0 = Debug|Any CPU
		{9A908FB4-D047-4C98-A0C7-322EE46FA6D5}.Release|Any CPU.ActiveCfg = Release|Any CPU
		{9A908FB4-D047-4C98-A0C7-322EE46FA6D5}.Release|Any CPU.Build.0 = Release|Any CPU
		{33B4AEB0-BFF5-4D91-81F6-70AE90E99210}.Debug|Any CPU.ActiveCfg = Debug|Any CPU
		{33B4AEB0-BFF5-4D91-81F6-70AE90E99210}.Debug|Any CPU.Build.0 = Debug|Any CPU
		{33B4AEB0-BFF5-4D91-81F6-70AE90E99210}.Release|Any CPU.ActiveCfg = Release|Any CPU
		{33B4AEB0-BFF5-4D91-81F6-70AE90E99210}.Release|Any CPU.Build.0 = Release|Any CPU
		{2A50AEA9-EF0A-4B14-892D-2EFB0A91EF85}.Debug|Any CPU.ActiveCfg = Debug|Any CPU
		{2A50AEA9-EF0A-4B14-892D-2EFB0A91EF85}.Debug|Any CPU.Build.0 = Debug|Any CPU
		{2A50AEA9-EF0A-4B14-892D-2EFB0A91EF85}.Release|Any CPU.ActiveCfg = Release|Any CPU
		{2A50AEA9-EF0A-4B14-892D-2EFB0A91EF85}.Release|Any CPU.Build.0 = Release|Any CPU
		{59FF9F42-70DE-42A2-82C1-B29E63E7B042}.Debug|Any CPU.ActiveCfg = Debug|Any CPU
		{59FF9F42-70DE-42A2-82C1-B29E63E7B042}.Debug|Any CPU.Build.0 = Debug|Any CPU
		{59FF9F42-70DE-42A2-82C1-B29E63E7B042}.Release|Any CPU.ActiveCfg = Release|Any CPU
		{59FF9F42-70DE-42A2-82C1-B29E63E7B042}.Release|Any CPU.Build.0 = Release|Any CPU
		{80EE880B-348A-4CF1-9071-5FEDDF96ED2D}.Debug|Any CPU.ActiveCfg = Debug|Any CPU
		{80EE880B-348A-4CF1-9071-5FEDDF96ED2D}.Debug|Any CPU.Build.0 = Debug|Any CPU
		{80EE880B-348A-4CF1-9071-5FEDDF96ED2D}.Release|Any CPU.ActiveCfg = Release|Any CPU
		{80EE880B-348A-4CF1-9071-5FEDDF96ED2D}.Release|Any CPU.Build.0 = Release|Any CPU
		{C43B4437-6616-4BE6-8255-C1AA59D2433B}.Debug|Any CPU.ActiveCfg = Debug|Any CPU
		{C43B4437-6616-4BE6-8255-C1AA59D2433B}.Debug|Any CPU.Build.0 = Debug|Any CPU
		{C43B4437-6616-4BE6-8255-C1AA59D2433B}.Release|Any CPU.ActiveCfg = Release|Any CPU
		{C43B4437-6616-4BE6-8255-C1AA59D2433B}.Release|Any CPU.Build.0 = Release|Any CPU
		{E7A748B5-C603-4BF3-A3F9-7E9FFDA640B4}.Debug|Any CPU.ActiveCfg = Debug|Any CPU
		{E7A748B5-C603-4BF3-A3F9-7E9FFDA640B4}.Debug|Any CPU.Build.0 = Debug|Any CPU
		{E7A748B5-C603-4BF3-A3F9-7E9FFDA640B4}.Release|Any CPU.ActiveCfg = Release|Any CPU
		{E7A748B5-C603-4BF3-A3F9-7E9FFDA640B4}.Release|Any CPU.Build.0 = Release|Any CPU
		{1B23E9EF-7876-44D2-863E-0A4BC01DFCD2}.Debug|Any CPU.ActiveCfg = Debug|Any CPU
		{1B23E9EF-7876-44D2-863E-0A4BC01DFCD2}.Debug|Any CPU.Build.0 = Debug|Any CPU
		{1B23E9EF-7876-44D2-863E-0A4BC01DFCD2}.Release|Any CPU.ActiveCfg = Release|Any CPU
		{1B23E9EF-7876-44D2-863E-0A4BC01DFCD2}.Release|Any CPU.Build.0 = Release|Any CPU
	EndGlobalSection
	GlobalSection(SolutionProperties) = preSolution
		HideSolutionNode = FALSE
	EndGlobalSection
	GlobalSection(ExtensibilityGlobals) = postSolution
		SolutionGuid = {94153F0B-1532-42AD-9733-7B14FA4319E1}
	EndGlobalSection
EndGlobal
