
Microsoft Visual Studio Solution File, Format Version 12.00
# Visual Studio Version 16
VisualStudioVersion = 16.0.30611.23
MinimumVisualStudioVersion = 10.0.40219.1
Project("{FAE04EC0-301F-11D3-BF4B-00C04F79EFBC}") = "dotNet5781_00_3747_8971", "dotNet5781_00_3747_8971\dotNet5781_00_3747_8971.csproj", "{12566DDF-DB44-41B2-AFFB-520B52479E94}"
EndProject
Project("{FAE04EC0-301F-11D3-BF4B-00C04F79EFBC}") = "dotNet5781_01_3747_8971", "dotNet5781_01_3747_8971\dotNet5781_01_3747_8971.csproj", "{452049CA-12AC-49C9-8155-76D3056B45AD}"
EndProject
Global
	GlobalSection(SolutionConfigurationPlatforms) = preSolution
		Debug|Any CPU = Debug|Any CPU
		Release|Any CPU = Release|Any CPU
	EndGlobalSection
	GlobalSection(ProjectConfigurationPlatforms) = postSolution
		{12566DDF-DB44-41B2-AFFB-520B52479E94}.Debug|Any CPU.ActiveCfg = Debug|Any CPU
		{12566DDF-DB44-41B2-AFFB-520B52479E94}.Debug|Any CPU.Build.0 = Debug|Any CPU
		{12566DDF-DB44-41B2-AFFB-520B52479E94}.Release|Any CPU.ActiveCfg = Release|Any CPU
		{12566DDF-DB44-41B2-AFFB-520B52479E94}.Release|Any CPU.Build.0 = Release|Any CPU
		{452049CA-12AC-49C9-8155-76D3056B45AD}.Debug|Any CPU.ActiveCfg = Debug|Any CPU
		{452049CA-12AC-49C9-8155-76D3056B45AD}.Debug|Any CPU.Build.0 = Debug|Any CPU
		{452049CA-12AC-49C9-8155-76D3056B45AD}.Release|Any CPU.ActiveCfg = Release|Any CPU
		{452049CA-12AC-49C9-8155-76D3056B45AD}.Release|Any CPU.Build.0 = Release|Any CPU
	EndGlobalSection
	GlobalSection(SolutionProperties) = preSolution
		HideSolutionNode = FALSE
	EndGlobalSection
	GlobalSection(ExtensibilityGlobals) = postSolution
		SolutionGuid = {94153F0B-1532-42AD-9733-7B14FA4319E1}
	EndGlobalSection
EndGlobal
